<?xml version="1.0" encoding="utf-8"?>
<Project ToolsVersion="4.0" xmlns="http://schemas.microsoft.com/developer/msbuild/2003">
  <ItemGroup>
    <Filter Include="Form Files">
      <UniqueIdentifier>{99349809-55BA-4b9d-BF79-8FDBB0286EB3}</UniqueIdentifier>
      <Extensions>ui</Extensions>
      <ParseFiles>false</ParseFiles>
    </Filter>
    <Filter Include="Form Files">
      <UniqueIdentifier>{99349809-55BA-4b9d-BF79-8FDBB0286EB3}</UniqueIdentifier>
      <Extensions>ui</Extensions>
      <ParseFiles>false</ParseFiles>
    </Filter>
    <Filter Include="Form Files">
      <UniqueIdentifier>{99349809-55BA-4b9d-BF79-8FDBB0286EB3}</UniqueIdentifier>
      <Extensions>ui</Extensions>
      <ParseFiles>false</ParseFiles>
    </Filter>
    <Filter Include="Form Files">
      <UniqueIdentifier>{99349809-55BA-4b9d-BF79-8FDBB0286EB3}</UniqueIdentifier>
      <Extensions>ui</Extensions>
      <ParseFiles>false</ParseFiles>
    </Filter>
    <Filter Include="Generated Files">
      <UniqueIdentifier>{71ED8ED8-ACB9-4CE9-BBE1-E00B30144E11}</UniqueIdentifier>
      <Extensions>cpp;c;cxx;moc;h;def;odl;idl;res;</Extensions>
    </Filter>
    <Filter Include="Generated Files">
      <UniqueIdentifier>{71ED8ED8-ACB9-4CE9-BBE1-E00B30144E11}</UniqueIdentifier>
      <Extensions>cpp;c;cxx;moc;h;def;odl;idl;res;</Extensions>
    </Filter>
    <Filter Include="Generated Files">
      <UniqueIdentifier>{71ED8ED8-ACB9-4CE9-BBE1-E00B30144E11}</UniqueIdentifier>
      <Extensions>cpp;c;cxx;moc;h;def;odl;idl;res;</Extensions>
    </Filter>
    <Filter Include="Generated Files">
      <UniqueIdentifier>{71ED8ED8-ACB9-4CE9-BBE1-E00B30144E11}</UniqueIdentifier>
      <Extensions>cpp;c;cxx;moc;h;def;odl;idl;res;</Extensions>
    </Filter>
    <Filter Include="Header Files">
      <UniqueIdentifier>{93995380-89BD-4b04-88EB-625FBE52EBFB}</UniqueIdentifier>
      <Extensions>h;hpp;hxx;hm;inl;inc;xsd</Extensions>
    </Filter>
    <Filter Include="Header Files">
      <UniqueIdentifier>{93995380-89BD-4b04-88EB-625FBE52EBFB}</UniqueIdentifier>
      <Extensions>h;hpp;hxx;hm;inl;inc;xsd</Extensions>
    </Filter>
    <Filter Include="Header Files">
      <UniqueIdentifier>{93995380-89BD-4b04-88EB-625FBE52EBFB}</UniqueIdentifier>
      <Extensions>h;hpp;hxx;hm;inl;inc;xsd</Extensions>
    </Filter>
    <Filter Include="Header Files">
      <UniqueIdentifier>{93995380-89BD-4b04-88EB-625FBE52EBFB}</UniqueIdentifier>
      <Extensions>h;hpp;hxx;hm;inl;inc;xsd</Extensions>
    </Filter>
    <Filter Include="Source Files">
      <UniqueIdentifier>{4FC737F1-C7A5-4376-A066-2A32D752A2FF}</UniqueIdentifier>
      <Extensions>cpp;c;cxx;def;odl;idl;hpj;bat;asm;asmx</Extensions>
    </Filter>
    <Filter Include="Source Files">
      <UniqueIdentifier>{4FC737F1-C7A5-4376-A066-2A32D752A2FF}</UniqueIdentifier>
      <Extensions>cpp;c;cxx;def;odl;idl;hpj;bat;asm;asmx</Extensions>
    </Filter>
    <Filter Include="Source Files">
      <UniqueIdentifier>{4FC737F1-C7A5-4376-A066-2A32D752A2FF}</UniqueIdentifier>
      <Extensions>cpp;c;cxx;def;odl;idl;hpj;bat;asm;asmx</Extensions>
    </Filter>
    <Filter Include="Source Files">
      <UniqueIdentifier>{4FC737F1-C7A5-4376-A066-2A32D752A2FF}</UniqueIdentifier>
      <Extensions>cpp;c;cxx;def;odl;idl;hpj;bat;asm;asmx</Extensions>
    </Filter>
  </ItemGroup>
  <ItemGroup>
    <ClCompile Include="ECFunctions.cpp">
      <Filter>Source Files</Filter>
    </ClCompile>
    <ClCompile Include="actuador.cpp">
      <Filter>Source Files</Filter>
    </ClCompile>
    <ClCompile Include="actuadormovimiento.cpp">
      <Filter>Source Files</Filter>
    </ClCompile>
    <ClCompile Include="addagentsdialog.cpp">
      <Filter>Source Files</Filter>
    </ClCompile>
    <ClCompile Include="agent.cpp">
      <Filter>Source Files</Filter>
    </ClCompile>
    <ClCompile Include="defineruledialog.cpp">
      <Filter>Source Files</Filter>
    </ClCompile>
    <ClCompile Include="meleeunit.cpp">
      <Filter>Source Files</Filter>
    </ClCompile>
    <ClCompile Include="movilagent.cpp">
      <Filter>Source Files</Filter>
    </ClCompile>
    <ClCompile Include="obstaculo.cpp">
      <Filter>Source Files</Filter>
    </ClCompile>
    <ClCompile Include="ofensiveunit.cpp">
      <Filter>Source Files</Filter>
    </ClCompile>
    <ClCompile Include="pheromonedepositor.cpp">
      <Filter>Source Files</Filter>
    </ClCompile>
    <ClCompile Include="pheromoneitem.cpp">
      <Filter>Source Files</Filter>
    </ClCompile>
    <ClCompile Include="pheromonesensor.cpp">
      <Filter>Source Files</Filter>
    </ClCompile>
    <ClCompile Include="regla.cpp">
      <Filter>Source Files</Filter>
    </ClCompile>
    <ClCompile Include="sensor.cpp">
      <Filter>Source Files</Filter>
    </ClCompile>
    <ClCompile Include="sensordistancia.cpp">
      <Filter>Source Files</Filter>
    </ClCompile>
    <ClCompile Include="shootingunit.cpp">
      <Filter>Source Files</Filter>
    </ClCompile>
    <ClCompile Include="shootingweapon.cpp">
      <Filter>Source Files</Filter>
    </ClCompile>
    <ClCompile Include="unit.cpp">
      <Filter>Source Files</Filter>
    </ClCompile>
    <ClCompile Include="weapon.cpp">
      <Filter>Source Files</Filter>
    </ClCompile>
    <ClCompile Include="moc\moc_actuador.cpp">
      <Filter>Generated Files</Filter>
    </ClCompile>
    <ClCompile Include="moc\moc_actuadormovimiento.cpp">
      <Filter>Generated Files</Filter>
    </ClCompile>
    <ClCompile Include="moc\moc_addagentsdialog.cpp">
      <Filter>Generated Files</Filter>
    </ClCompile>
    <ClCompile Include="moc\moc_agent.cpp">
      <Filter>Generated Files</Filter>
    </ClCompile>
    <ClCompile Include="moc\moc_defineruledialog.cpp">
      <Filter>Generated Files</Filter>
    </ClCompile>
    <ClCompile Include="moc\moc_meleeunit.cpp">
      <Filter>Generated Files</Filter>
    </ClCompile>
    <ClCompile Include="moc\moc_ofensiveunit.cpp">
      <Filter>Generated Files</Filter>
    </ClCompile>
    <ClCompile Include="moc\moc_pheromonedepositor.cpp">
      <Filter>Generated Files</Filter>
    </ClCompile>
    <ClCompile Include="moc\moc_pheromoneitem.cpp">
      <Filter>Generated Files</Filter>
    </ClCompile>
    <ClCompile Include="moc\moc_sensor.cpp">
      <Filter>Generated Files</Filter>
    </ClCompile>
    <ClCompile Include="moc\moc_sensordistancia.cpp">
      <Filter>Generated Files</Filter>
    </ClCompile>
    <ClCompile Include="moc\moc_shootingunit.cpp">
      <Filter>Generated Files</Filter>
    </ClCompile>
    <ClCompile Include="moc\moc_shootingweapon.cpp">
      <Filter>Generated Files</Filter>
    </ClCompile>
    <ClCompile Include="moc\moc_unit.cpp">
      <Filter>Generated Files</Filter>
    </ClCompile>
  </ItemGroup>
  <ItemGroup>
    <ClInclude Include="ECFunctions.h">
      <Filter>Header Files</Filter>
    </ClInclude>
    <CustomBuild Include="actuador.h">
      <Filter>Header Files</Filter>
    </CustomBuild>
    <CustomBuild Include="actuadormovimiento.h">
      <Filter>Header Files</Filter>
    </CustomBuild>
    <CustomBuild Include="addagentsdialog.h">
      <Filter>Header Files</Filter>
    </CustomBuild>
    <CustomBuild Include="agent.h">
      <Filter>Header Files</Filter>
    </CustomBuild>
    <CustomBuild Include="defineruledialog.h">
      <Filter>Header Files</Filter>
    </CustomBuild>
    <CustomBuild Include="meleeunit.h">
      <Filter>Header Files</Filter>
    </CustomBuild>
    <ClInclude Include="movilagent.h">
      <Filter>Header Files</Filter>
    </ClInclude>
    <ClInclude Include="obstaculo.h">
      <Filter>Header Files</Filter>
    </ClInclude>
    <CustomBuild Include="ofensiveunit.h">
      <Filter>Header Files</Filter>
    </CustomBuild>
    <CustomBuild Include="pheromonedepositor.h">
      <Filter>Header Files</Filter>
    </CustomBuild>
    <CustomBuild Include="pheromoneitem.h">
      <Filter>Header Files</Filter>
    </CustomBuild>
    <ClInclude Include="pheromonesensor.h">
      <Filter>Header Files</Filter>
    </ClInclude>
    <ClInclude Include="regla.h">
      <Filter>Header Files</Filter>
    </ClInclude>
    <CustomBuild Include="sensor.h">
      <Filter>Header Files</Filter>
    </CustomBuild>
    <CustomBuild Include="sensordistancia.h">
      <Filter>Header Files</Filter>
    </CustomBuild>
    <ClInclude Include="share_ec_gui.h">
      <Filter>Header Files</Filter>
    </ClInclude>
    <CustomBuild Include="shootingunit.h">
      <Filter>Header Files</Filter>
    </CustomBuild>
    <CustomBuild Include="shootingweapon.h">
      <Filter>Header Files</Filter>
    </CustomBuild>
    <CustomBuild Include="unit.h">
      <Filter>Header Files</Filter>
    </CustomBuild>
    <ClInclude Include="weapon.h">
      <Filter>Header Files</Filter>
    </ClInclude>
    <ClInclude Include="GeneratedFiles\ui_addagentsdialog.h">
      <Filter>Generated Files</Filter>
    </ClInclude>
    <ClInclude Include="GeneratedFiles\ui_defineruledialog.h">
      <Filter>Generated Files</Filter>
    </ClInclude>
  </ItemGroup>
  <ItemGroup>
    <CustomBuild Include="addagentsdialog.ui">
      <Filter>Form Files</Filter>
    </CustomBuild>
    <CustomBuild Include="defineruledialog.ui">
      <Filter>Form Files</Filter>
    </CustomBuild>
  </ItemGroup>
</Project>