<?xml version="1.0" encoding="utf-8"?>
<Project ToolsVersion="4.0" xmlns="http://schemas.microsoft.com/developer/msbuild/2003">
  <ItemGroup>
    <Filter Include="Form Files">
      <UniqueIdentifier>{99349809-55BA-4b9d-BF79-8FDBB0286EB3}</UniqueIdentifier>
      <Extensions>ui</Extensions>
      <ParseFiles>false</ParseFiles>
    </Filter>
    <Filter Include="Form Files">
      <UniqueIdentifier>{99349809-55BA-4b9d-BF79-8FDBB0286EB3}</UniqueIdentifier>
      <Extensions>ui</Extensions>
      <ParseFiles>false</ParseFiles>
    </Filter>
    <Filter Include="Generated Files">
      <UniqueIdentifier>{71ED8ED8-ACB9-4CE9-BBE1-E00B30144E11}</UniqueIdentifier>
      <Extensions>cpp;c;cxx;moc;h;def;odl;idl;res;</Extensions>
    </Filter>
    <Filter Include="Generated Files">
      <UniqueIdentifier>{71ED8ED8-ACB9-4CE9-BBE1-E00B30144E11}</UniqueIdentifier>
      <Extensions>cpp;c;cxx;moc;h;def;odl;idl;res;</Extensions>
    </Filter>
    <Filter Include="Header Files">
      <UniqueIdentifier>{93995380-89BD-4b04-88EB-625FBE52EBFB}</UniqueIdentifier>
      <Extensions>h;hpp;hxx;hm;inl;inc;xsd</Extensions>
    </Filter>
    <Filter Include="Header Files">
      <UniqueIdentifier>{93995380-89BD-4b04-88EB-625FBE52EBFB}</UniqueIdentifier>
      <Extensions>h;hpp;hxx;hm;inl;inc;xsd</Extensions>
    </Filter>
    <Filter Include="Resource Files">
      <UniqueIdentifier>{D9D6E242-F8AF-46E4-B9FD-80ECBC20BA3E}</UniqueIdentifier>
      <Extensions>qrc;*</Extensions>
      <ParseFiles>false</ParseFiles>
    </Filter>
    <Filter Include="Resource Files">
      <UniqueIdentifier>{D9D6E242-F8AF-46E4-B9FD-80ECBC20BA3E}</UniqueIdentifier>
      <Extensions>qrc;*</Extensions>
      <ParseFiles>false</ParseFiles>
    </Filter>
    <Filter Include="Source Files">
      <UniqueIdentifier>{4FC737F1-C7A5-4376-A066-2A32D752A2FF}</UniqueIdentifier>
      <Extensions>cpp;c;cxx;def;odl;idl;hpj;bat;asm;asmx</Extensions>
    </Filter>
    <Filter Include="Source Files">
      <UniqueIdentifier>{4FC737F1-C7A5-4376-A066-2A32D752A2FF}</UniqueIdentifier>
      <Extensions>cpp;c;cxx;def;odl;idl;hpj;bat;asm;asmx</Extensions>
    </Filter>
  </ItemGroup>
  <ItemGroup>
    <ClCompile Include="binaryoutputelement.cpp">
      <Filter>Source Files</Filter>
    </ClCompile>
    <ClCompile Include="chooseprojectnamepage.cpp">
      <Filter>Source Files</Filter>
    </ClCompile>
    <ClCompile Include="main.cpp">
      <Filter>Source Files</Filter>
    </ClCompile>
    <ClCompile Include="mainwindow.cpp">
      <Filter>Source Files</Filter>
    </ClCompile>
    <ClCompile Include="newmainwindow.cpp">
      <Filter>Source Files</Filter>
    </ClCompile>
    <ClCompile Include="newprojectwizard.cpp">
      <Filter>Source Files</Filter>
    </ClCompile>
    <ClCompile Include="plotterdata.cpp">
      <Filter>Source Files</Filter>
    </ClCompile>
    <ClCompile Include="progressplotter.cpp">
      <Filter>Source Files</Filter>
    </ClCompile>
    <ClCompile Include="pruebapantallas.cpp">
      <Filter>Source Files</Filter>
    </ClCompile>
    <ClCompile Include="selectprojectpage.cpp">
      <Filter>Source Files</Filter>
    </ClCompile>
    <ClCompile Include="simulationcontrol.cpp">
      <Filter>Source Files</Filter>
    </ClCompile>
    <ClCompile Include="view.cpp">
      <Filter>Source Files</Filter>
    </ClCompile>
    <ClCompile Include="moc\moc_binaryoutputelement.cpp">
      <Filter>Generated Files</Filter>
    </ClCompile>
    <ClCompile Include="moc\moc_chooseprojectnamepage.cpp">
      <Filter>Generated Files</Filter>
    </ClCompile>
    <ClCompile Include="moc\moc_mainwindow.cpp">
      <Filter>Generated Files</Filter>
    </ClCompile>
    <ClCompile Include="moc\moc_newmainwindow.cpp">
      <Filter>Generated Files</Filter>
    </ClCompile>
    <ClCompile Include="moc\moc_newprojectwizard.cpp">
      <Filter>Generated Files</Filter>
    </ClCompile>
    <ClCompile Include="moc\moc_plotterdata.cpp">
      <Filter>Generated Files</Filter>
    </ClCompile>
    <ClCompile Include="moc\moc_progressplotter.cpp">
      <Filter>Generated Files</Filter>
    </ClCompile>
    <ClCompile Include="moc\moc_pruebapantallas.cpp">
      <Filter>Generated Files</Filter>
    </ClCompile>
    <ClCompile Include="moc\moc_selectprojectpage.cpp">
      <Filter>Generated Files</Filter>
    </ClCompile>
    <ClCompile Include="moc\moc_simulationcontrol.cpp">
      <Filter>Generated Files</Filter>
    </ClCompile>
    <ClCompile Include="moc\moc_view.cpp">
      <Filter>Generated Files</Filter>
    </ClCompile>
    <ClCompile Include="GeneratedFiles\qrc_gui_media.cpp">
      <Filter>Generated Files</Filter>
    </ClCompile>
  </ItemGroup>
  <ItemGroup>
    <CustomBuild Include="binaryoutputelement.h">
      <Filter>Header Files</Filter>
    </CustomBuild>
    <CustomBuild Include="chooseprojectnamepage.h">
      <Filter>Header Files</Filter>
    </CustomBuild>
    <ClInclude Include="icons.h">
      <Filter>Header Files</Filter>
    </ClInclude>
    <CustomBuild Include="mainwindow.h">
      <Filter>Header Files</Filter>
    </CustomBuild>
    <CustomBuild Include="newmainwindow.h">
      <Filter>Header Files</Filter>
    </CustomBuild>
    <CustomBuild Include="newprojectwizard.h">
      <Filter>Header Files</Filter>
    </CustomBuild>
    <CustomBuild Include="plotterdata.h">
      <Filter>Header Files</Filter>
    </CustomBuild>
    <CustomBuild Include="progressplotter.h">
      <Filter>Header Files</Filter>
    </CustomBuild>
    <CustomBuild Include="pruebapantallas.h">
      <Filter>Header Files</Filter>
    </CustomBuild>
    <CustomBuild Include="selectprojectpage.h">
      <Filter>Header Files</Filter>
    </CustomBuild>
    <CustomBuild Include="simulationcontrol.h">
      <Filter>Header Files</Filter>
    </CustomBuild>
    <CustomBuild Include="view.h">
      <Filter>Header Files</Filter>
    </CustomBuild>
  </ItemGroup>
  <ItemGroup>
    <CustomBuild Include="chooseprojectnamepage.ui">
      <Filter>Form Files</Filter>
    </CustomBuild>
    <CustomBuild Include="mainwindow.ui">
      <Filter>Form Files</Filter>
    </CustomBuild>
    <CustomBuild Include="newprojectdialog.ui">
      <Filter>Form Files</Filter>
    </CustomBuild>
    <CustomBuild Include="newprojectwizard.ui">
      <Filter>Form Files</Filter>
    </CustomBuild>
    <CustomBuild Include="prueba_pantallas.ui">
      <Filter>Form Files</Filter>
    </CustomBuild>
    <CustomBuild Include="selectprojectpage.ui">
      <Filter>Form Files</Filter>
    </CustomBuild>
  </ItemGroup>
  <ItemGroup>
    <None Include="(1).png">
      <Filter>Resource Files</Filter>
    </None>
    <None Include="media\icons\Agent_icon.png">
      <Filter>Resource Files</Filter>
    </None>
    <None Include="media\icons\Pause-32.png">
      <Filter>Resource Files</Filter>
    </None>
    <None Include="media\icons\Play-1-Hot-icon.png">
      <Filter>Resource Files</Filter>
    </None>
    <None Include="media\icons\Play1Disabled_32.png">
      <Filter>Resource Files</Filter>
    </None>
    <None Include="media\icons\Play1Hot_32">
      <Filter>Resource Files</Filter>
    </None>
    <None Include="media\icons\Play1Normal_32.png">
      <Filter>Resource Files</Filter>
    </None>
    <None Include="media\icons\add_effect_icon.jpg">
      <Filter>Resource Files</Filter>
    </None>
    <None Include="media\icons\conjuntos.gif">
      <Filter>Resource Files</Filter>
    </None>
    <CustomBuild Include="gui_media.qrc">
      <Filter>Resource Files</Filter>
    </CustomBuild>
    <None Include="media\icons\manzana-verde.jpg">
      <Filter>Resource Files</Filter>
    </None>
    <None Include="media\icons\matriz.png">
      <Filter>Resource Files</Filter>
    </None>
    <None Include="media\icons\pause_32.png">
      <Filter>Resource Files</Filter>
    </None>
    <None Include="media\icons\puntos.jpg">
      <Filter>Resource Files</Filter>
    </None>
  </ItemGroup>
  <ItemGroup>
    <ClInclude Include="GeneratedFiles\ui_chooseprojectnamepage.h">
      <Filter>Generated Files</Filter>
    </ClInclude>
    <ClInclude Include="GeneratedFiles\ui_mainwindow.h">
      <Filter>Generated Files</Filter>
    </ClInclude>
    <ClInclude Include="GeneratedFiles\ui_newprojectdialog.h">
      <Filter>Generated Files</Filter>
    </ClInclude>
    <ClInclude Include="GeneratedFiles\ui_newprojectwizard.h">
      <Filter>Generated Files</Filter>
    </ClInclude>
    <ClInclude Include="GeneratedFiles\ui_prueba_pantallas.h">
      <Filter>Generated Files</Filter>
    </ClInclude>
    <ClInclude Include="GeneratedFiles\ui_selectprojectpage.h">
      <Filter>Generated Files</Filter>
    </ClInclude>
  </ItemGroup>
  <ItemGroup>
    <Image Include="media\icons\Play1Hot_32 (1).png">
      <Filter>Resource Files</Filter>
    </Image>
  </ItemGroup>
</Project>