<?xml version="1.0" encoding="utf-8"?>
<Project ToolsVersion="4.0" xmlns="http://schemas.microsoft.com/developer/msbuild/2003">
  <ItemGroup>
    <Filter Include="Form Files">
      <UniqueIdentifier>{99349809-55BA-4b9d-BF79-8FDBB0286EB3}</UniqueIdentifier>
      <Extensions>ui</Extensions>
      <ParseFiles>false</ParseFiles>
    </Filter>
    <Filter Include="Form Files">
      <UniqueIdentifier>{99349809-55BA-4b9d-BF79-8FDBB0286EB3}</UniqueIdentifier>
      <Extensions>ui</Extensions>
      <ParseFiles>false</ParseFiles>
    </Filter>
    <Filter Include="Generated Files">
      <UniqueIdentifier>{71ED8ED8-ACB9-4CE9-BBE1-E00B30144E11}</UniqueIdentifier>
      <Extensions>cpp;c;cxx;moc;h;def;odl;idl;res;</Extensions>
    </Filter>
    <Filter Include="Generated Files">
      <UniqueIdentifier>{71ED8ED8-ACB9-4CE9-BBE1-E00B30144E11}</UniqueIdentifier>
      <Extensions>cpp;c;cxx;moc;h;def;odl;idl;res;</Extensions>
    </Filter>
    <Filter Include="Header Files">
      <UniqueIdentifier>{93995380-89BD-4b04-88EB-625FBE52EBFB}</UniqueIdentifier>
      <Extensions>h;hpp;hxx;hm;inl;inc;xsd</Extensions>
    </Filter>
    <Filter Include="Header Files">
      <UniqueIdentifier>{93995380-89BD-4b04-88EB-625FBE52EBFB}</UniqueIdentifier>
      <Extensions>h;hpp;hxx;hm;inl;inc;xsd</Extensions>
    </Filter>
    <Filter Include="Resource Files">
      <UniqueIdentifier>{D9D6E242-F8AF-46E4-B9FD-80ECBC20BA3E}</UniqueIdentifier>
      <Extensions>qrc;*</Extensions>
      <ParseFiles>false</ParseFiles>
    </Filter>
    <Filter Include="Resource Files">
      <UniqueIdentifier>{D9D6E242-F8AF-46E4-B9FD-80ECBC20BA3E}</UniqueIdentifier>
      <Extensions>qrc;*</Extensions>
      <ParseFiles>false</ParseFiles>
    </Filter>
    <Filter Include="Source Files">
      <UniqueIdentifier>{4FC737F1-C7A5-4376-A066-2A32D752A2FF}</UniqueIdentifier>
      <Extensions>cpp;c;cxx;def;odl;idl;hpj;bat;asm;asmx</Extensions>
    </Filter>
    <Filter Include="Source Files">
      <UniqueIdentifier>{4FC737F1-C7A5-4376-A066-2A32D752A2FF}</UniqueIdentifier>
      <Extensions>cpp;c;cxx;def;odl;idl;hpj;bat;asm;asmx</Extensions>
    </Filter>
  </ItemGroup>
  <ItemGroup>
    <ClCompile Include="adddotmatrixdialog.cpp">
      <Filter>Source Files</Filter>
    </ClCompile>
    <ClCompile Include="basicdialog.cpp">
      <Filter>Source Files</Filter>
    </ClCompile>
    <ClCompile Include="basictable.cpp">
      <Filter>Source Files</Filter>
    </ClCompile>
    <ClCompile Include="basictree.cpp">
      <Filter>Source Files</Filter>
    </ClCompile>
    <ClCompile Include="blackwhiteeffect.cpp">
      <Filter>Source Files</Filter>
    </ClCompile>
    <ClCompile Include="bnsubwidget.cpp">
      <Filter>Source Files</Filter>
    </ClCompile>
    <ClCompile Include="common.cpp">
      <Filter>Source Files</Filter>
    </ClCompile>
    <ClCompile Include="connector.cpp">
      <Filter>Source Files</Filter>
    </ClCompile>
    <ClCompile Include="datarepresentation.cpp">
      <Filter>Source Files</Filter>
    </ClCompile>
    <ClCompile Include="datarepresentationbox.cpp">
      <Filter>Source Files</Filter>
    </ClCompile>
    <ClCompile Include="datarepresentationwidget.cpp">
      <Filter>Source Files</Filter>
    </ClCompile>
    <ClCompile Include="detailedwindow.cpp">
      <Filter>Source Files</Filter>
    </ClCompile>
    <ClCompile Include="dotmatrix.cpp">
      <Filter>Source Files</Filter>
    </ClCompile>
    <ClCompile Include="dotmatrixdetailedwindow.cpp">
      <Filter>Source Files</Filter>
    </ClCompile>
    <ClCompile Include="dotmatrixpropertydialog.cpp">
      <Filter>Source Files</Filter>
    </ClCompile>
    <ClCompile Include="dotmatrixrepresentation.cpp">
      <Filter>Source Files</Filter>
    </ClCompile>
    <ClCompile Include="doubleminmaxvaluewidget.cpp">
      <Filter>Source Files</Filter>
    </ClCompile>
    <ClCompile Include="effect.cpp">
      <Filter>Source Files</Filter>
    </ClCompile>
    <ClCompile Include="enviroment.cpp">
      <Filter>Source Files</Filter>
    </ClCompile>
    <ClCompile Include="fileeditline.cpp">
      <Filter>Source Files</Filter>
    </ClCompile>
    <ClCompile Include="graphiccursorelement.cpp">
      <Filter>Source Files</Filter>
    </ClCompile>
    <ClCompile Include="graphicdetailedview.cpp">
      <Filter>Source Files</Filter>
    </ClCompile>
    <ClCompile Include="graphicobject.cpp">
      <Filter>Source Files</Filter>
    </ClCompile>
    <ClCompile Include="graphicobjectpropertydialog.cpp">
      <Filter>Source Files</Filter>
    </ClCompile>
    <ClCompile Include="graphicpointer.cpp">
      <Filter>Source Files</Filter>
    </ClCompile>
    <ClCompile Include="grayscaleeffect.cpp">
      <Filter>Source Files</Filter>
    </ClCompile>
    <ClCompile Include="gssubwidget.cpp">
      <Filter>Source Files</Filter>
    </ClCompile>
    <ClCompile Include="image.cpp">
      <Filter>Source Files</Filter>
    </ClCompile>
    <ClCompile Include="imagedetailedwindow.cpp">
      <Filter>Source Files</Filter>
    </ClCompile>
    <ClCompile Include="imageeffect.cpp">
      <Filter>Source Files</Filter>
    </ClCompile>
    <ClCompile Include="imageeffectpropertydialog.cpp">
      <Filter>Source Files</Filter>
    </ClCompile>
    <ClCompile Include="imagepropertydialog.cpp">
      <Filter>Source Files</Filter>
    </ClCompile>
    <ClCompile Include="imagerepresentationwidget.cpp">
      <Filter>Source Files</Filter>
    </ClCompile>
    <ClCompile Include="imath.cpp">
      <Filter>Source Files</Filter>
    </ClCompile>
    <ClCompile Include="integersizewidget.cpp">
      <Filter>Source Files</Filter>
    </ClCompile>
    <ClCompile Include="labeledcombobox.cpp">
      <Filter>Source Files</Filter>
    </ClCompile>
    <ClCompile Include="labeleddoublespinbox.cpp">
      <Filter>Source Files</Filter>
    </ClCompile>
    <ClCompile Include="labeledintegerspinbox.cpp">
      <Filter>Source Files</Filter>
    </ClCompile>
    <ClCompile Include="labeledwidget.cpp">
      <Filter>Source Files</Filter>
    </ClCompile>
    <ClCompile Include="normalization.cpp">
      <Filter>Source Files</Filter>
    </ClCompile>
    <ClCompile Include="normalizationwidget.cpp">
      <Filter>Source Files</Filter>
    </ClCompile>
    <ClCompile Include="rawrepresentationwidget.cpp">
      <Filter>Source Files</Filter>
    </ClCompile>
    <ClCompile Include="restrictedlinef.cpp">
      <Filter>Source Files</Filter>
    </ClCompile>
    <ClCompile Include="selectimagesegmentdialog.cpp">
      <Filter>Source Files</Filter>
    </ClCompile>
    <ClCompile Include="simulation.cpp">
      <Filter>Source Files</Filter>
    </ClCompile>
    <ClCompile Include="vector2d.cpp">
      <Filter>Source Files</Filter>
    </ClCompile>
    <ClCompile Include="zoomcontrol.cpp">
      <Filter>Source Files</Filter>
    </ClCompile>
    <ClCompile Include="moc\moc_adddotmatrixdialog.cpp">
      <Filter>Generated Files</Filter>
    </ClCompile>
    <ClCompile Include="moc\moc_basicdialog.cpp">
      <Filter>Generated Files</Filter>
    </ClCompile>
    <ClCompile Include="moc\moc_basictable.cpp">
      <Filter>Generated Files</Filter>
    </ClCompile>
    <ClCompile Include="moc\moc_basictree.cpp">
      <Filter>Generated Files</Filter>
    </ClCompile>
    <ClCompile Include="moc\moc_bnsubwidget.cpp">
      <Filter>Generated Files</Filter>
    </ClCompile>
    <ClCompile Include="moc\moc_connector.cpp">
      <Filter>Generated Files</Filter>
    </ClCompile>
    <ClCompile Include="moc\moc_datarepresentationbox.cpp">
      <Filter>Generated Files</Filter>
    </ClCompile>
    <ClCompile Include="moc\moc_datarepresentationwidget.cpp">
      <Filter>Generated Files</Filter>
    </ClCompile>
    <ClCompile Include="moc\moc_detailedwindow.cpp">
      <Filter>Generated Files</Filter>
    </ClCompile>
    <ClCompile Include="moc\moc_dotmatrix.cpp">
      <Filter>Generated Files</Filter>
    </ClCompile>
    <ClCompile Include="moc\moc_dotmatrixdetailedwindow.cpp">
      <Filter>Generated Files</Filter>
    </ClCompile>
    <ClCompile Include="moc\moc_dotmatrixpropertydialog.cpp">
      <Filter>Generated Files</Filter>
    </ClCompile>
    <ClCompile Include="moc\moc_dotmatrixrepresentation.cpp">
      <Filter>Generated Files</Filter>
    </ClCompile>
    <ClCompile Include="moc\moc_doubleminmaxvaluewidget.cpp">
      <Filter>Generated Files</Filter>
    </ClCompile>
    <ClCompile Include="moc\moc_enviroment.cpp">
      <Filter>Generated Files</Filter>
    </ClCompile>
    <ClCompile Include="moc\moc_fileeditline.cpp">
      <Filter>Generated Files</Filter>
    </ClCompile>
    <ClCompile Include="moc\moc_graphiccursorelement.cpp">
      <Filter>Generated Files</Filter>
    </ClCompile>
    <ClCompile Include="moc\moc_graphicdetailedview.cpp">
      <Filter>Generated Files</Filter>
    </ClCompile>
    <ClCompile Include="moc\moc_graphicobject.cpp">
      <Filter>Generated Files</Filter>
    </ClCompile>
    <ClCompile Include="moc\moc_graphicobjectpropertydialog.cpp">
      <Filter>Generated Files</Filter>
    </ClCompile>
    <ClCompile Include="moc\moc_gssubwidget.cpp">
      <Filter>Generated Files</Filter>
    </ClCompile>
    <ClCompile Include="moc\moc_image.cpp">
      <Filter>Generated Files</Filter>
    </ClCompile>
    <ClCompile Include="moc\moc_imagedetailedwindow.cpp">
      <Filter>Generated Files</Filter>
    </ClCompile>
    <ClCompile Include="moc\moc_imageeffect.cpp">
      <Filter>Generated Files</Filter>
    </ClCompile>
    <ClCompile Include="moc\moc_imageeffectpropertydialog.cpp">
      <Filter>Generated Files</Filter>
    </ClCompile>
    <ClCompile Include="moc\moc_imagepropertydialog.cpp">
      <Filter>Generated Files</Filter>
    </ClCompile>
    <ClCompile Include="moc\moc_imagerepresentationwidget.cpp">
      <Filter>Generated Files</Filter>
    </ClCompile>
    <ClCompile Include="moc\moc_integersizewidget.cpp">
      <Filter>Generated Files</Filter>
    </ClCompile>
    <ClCompile Include="moc\moc_labeledcombobox.cpp">
      <Filter>Generated Files</Filter>
    </ClCompile>
    <ClCompile Include="moc\moc_labeleddoublespinbox.cpp">
      <Filter>Generated Files</Filter>
    </ClCompile>
    <ClCompile Include="moc\moc_labeledintegerspinbox.cpp">
      <Filter>Generated Files</Filter>
    </ClCompile>
    <ClCompile Include="moc\moc_labeledwidget.cpp">
      <Filter>Generated Files</Filter>
    </ClCompile>
    <ClCompile Include="moc\moc_normalization.cpp">
      <Filter>Generated Files</Filter>
    </ClCompile>
    <ClCompile Include="moc\moc_normalizationwidget.cpp">
      <Filter>Generated Files</Filter>
    </ClCompile>
    <ClCompile Include="moc\moc_selectimagesegmentdialog.cpp">
      <Filter>Generated Files</Filter>
    </ClCompile>
    <ClCompile Include="moc\moc_simulation.cpp">
      <Filter>Generated Files</Filter>
    </ClCompile>
    <ClCompile Include="moc\moc_zoomcontrol.cpp">
      <Filter>Generated Files</Filter>
    </ClCompile>
    <ClCompile Include="GeneratedFiles\qrc_core_media.cpp">
      <Filter>Generated Files</Filter>
    </ClCompile>
  </ItemGroup>
  <ItemGroup>
    <CustomBuild Include="adddotmatrixdialog.h">
      <Filter>Header Files</Filter>
    </CustomBuild>
    <CustomBuild Include="basicdialog.h">
      <Filter>Header Files</Filter>
    </CustomBuild>
    <CustomBuild Include="basictable.h">
      <Filter>Header Files</Filter>
    </CustomBuild>
    <CustomBuild Include="basictree.h">
      <Filter>Header Files</Filter>
    </CustomBuild>
    <ClInclude Include="blackwhiteeffect.h">
      <Filter>Header Files</Filter>
    </ClInclude>
    <CustomBuild Include="bnsubwidget.h">
      <Filter>Header Files</Filter>
    </CustomBuild>
    <ClInclude Include="common.h">
      <Filter>Header Files</Filter>
    </ClInclude>
    <CustomBuild Include="connector.h">
      <Filter>Header Files</Filter>
    </CustomBuild>
    <ClInclude Include="datarepresentation.h">
      <Filter>Header Files</Filter>
    </ClInclude>
    <CustomBuild Include="datarepresentationbox.h">
      <Filter>Header Files</Filter>
    </CustomBuild>
    <CustomBuild Include="datarepresentationwidget.h">
      <Filter>Header Files</Filter>
    </CustomBuild>
    <ClInclude Include="definitions.h">
      <Filter>Header Files</Filter>
    </ClInclude>
    <CustomBuild Include="detailedwindow.h">
      <Filter>Header Files</Filter>
    </CustomBuild>
    <CustomBuild Include="dotmatrix.h">
      <Filter>Header Files</Filter>
    </CustomBuild>
    <CustomBuild Include="dotmatrixdetailedwindow.h">
      <Filter>Header Files</Filter>
    </CustomBuild>
    <CustomBuild Include="dotmatrixpropertydialog.h">
      <Filter>Header Files</Filter>
    </CustomBuild>
    <CustomBuild Include="dotmatrixrepresentation.h">
      <Filter>Header Files</Filter>
    </CustomBuild>
    <CustomBuild Include="doubleminmaxvaluewidget.h">
      <Filter>Header Files</Filter>
    </CustomBuild>
    <ClInclude Include="effect.h">
      <Filter>Header Files</Filter>
    </ClInclude>
    <CustomBuild Include="enviroment.h">
      <Filter>Header Files</Filter>
    </CustomBuild>
    <CustomBuild Include="fileeditline.h">
      <Filter>Header Files</Filter>
    </CustomBuild>
    <CustomBuild Include="graphiccursorelement.h">
      <Filter>Header Files</Filter>
    </CustomBuild>
    <CustomBuild Include="graphicdetailedview.h">
      <Filter>Header Files</Filter>
    </CustomBuild>
    <CustomBuild Include="graphicobject.h">
      <Filter>Header Files</Filter>
    </CustomBuild>
    <CustomBuild Include="graphicobjectpropertydialog.h">
      <Filter>Header Files</Filter>
    </CustomBuild>
    <ClInclude Include="graphicpointer.h">
      <Filter>Header Files</Filter>
    </ClInclude>
    <ClInclude Include="grayscaleeffect.h">
      <Filter>Header Files</Filter>
    </ClInclude>
    <CustomBuild Include="gssubwidget.h">
      <Filter>Header Files</Filter>
    </CustomBuild>
    <CustomBuild Include="image.h">
      <Filter>Header Files</Filter>
    </CustomBuild>
    <CustomBuild Include="imagedetailedwindow.h">
      <Filter>Header Files</Filter>
    </CustomBuild>
    <CustomBuild Include="imageeffect.h">
      <Filter>Header Files</Filter>
    </CustomBuild>
    <CustomBuild Include="imageeffectpropertydialog.h">
      <Filter>Header Files</Filter>
    </CustomBuild>
    <CustomBuild Include="imagepropertydialog.h">
      <Filter>Header Files</Filter>
    </CustomBuild>
    <CustomBuild Include="imagerepresentationwidget.h">
      <Filter>Header Files</Filter>
    </CustomBuild>
    <ClInclude Include="imath.h">
      <Filter>Header Files</Filter>
    </ClInclude>
    <CustomBuild Include="integersizewidget.h">
      <Filter>Header Files</Filter>
    </CustomBuild>
    <ClInclude Include="interfaces.h">
      <Filter>Header Files</Filter>
    </ClInclude>
    <CustomBuild Include="labeledcombobox.h">
      <Filter>Header Files</Filter>
    </CustomBuild>
    <CustomBuild Include="labeleddoublespinbox.h">
      <Filter>Header Files</Filter>
    </CustomBuild>
    <CustomBuild Include="labeledintegerspinbox.h">
      <Filter>Header Files</Filter>
    </CustomBuild>
    <CustomBuild Include="labeledwidget.h">
      <Filter>Header Files</Filter>
    </CustomBuild>
    <CustomBuild Include="normalization.h">
      <Filter>Header Files</Filter>
    </CustomBuild>
    <CustomBuild Include="normalizationwidget.h">
      <Filter>Header Files</Filter>
    </CustomBuild>
    <ClInclude Include="rawrepresentationwidget.h">
      <Filter>Header Files</Filter>
    </ClInclude>
    <ClInclude Include="restrictedlinef.h">
      <Filter>Header Files</Filter>
    </ClInclude>
    <CustomBuild Include="selectimagesegmentdialog.h">
      <Filter>Header Files</Filter>
    </CustomBuild>
    <ClInclude Include="share_core_lib.h">
      <Filter>Header Files</Filter>
    </ClInclude>
    <CustomBuild Include="simulation.h">
      <Filter>Header Files</Filter>
    </CustomBuild>
    <ClInclude Include="vector2d.h">
      <Filter>Header Files</Filter>
    </ClInclude>
    <CustomBuild Include="zoomcontrol.h">
      <Filter>Header Files</Filter>
    </CustomBuild>
  </ItemGroup>
  <ItemGroup>
    <CustomBuild Include="bnsubwidget.ui">
      <Filter>Form Files</Filter>
    </CustomBuild>
    <CustomBuild Include="graphicimageeffectelementpropertydialog.ui">
      <Filter>Form Files</Filter>
    </CustomBuild>
    <CustomBuild Include="gssubwidget.ui">
      <Filter>Form Files</Filter>
    </CustomBuild>
    <CustomBuild Include="selectimagesegmentdialog.ui">
      <Filter>Form Files</Filter>
    </CustomBuild>
  </ItemGroup>
  <ItemGroup>
    <None Include="media\Actions-edit-delete-icon.png">
      <Filter>Resource Files</Filter>
    </None>
    <None Include="media\Actions-help-about-icon.png">
      <Filter>Resource Files</Filter>
    </None>
    <None Include="media\Button-Close-icon.png">
      <Filter>Resource Files</Filter>
    </None>
    <None Include="media\Dice-icon.png">
      <Filter>Resource Files</Filter>
    </None>
    <None Include="media\FAQ-icon.png">
      <Filter>Resource Files</Filter>
    </None>
    <None Include="media\Files-New-Window-icon.png">
      <Filter>Resource Files</Filter>
    </None>
    <None Include="media\Floppy-Small-icon.png">
      <Filter>Resource Files</Filter>
    </None>
    <None Include="media\Gear-icon.png">
      <Filter>Resource Files</Filter>
    </None>
    <None Include="media\Hourglass.png">
      <Filter>Resource Files</Filter>
    </None>
    <None Include="media\LineFreehand.png">
      <Filter>Resource Files</Filter>
    </None>
    <None Include="media\ModernXP-70-Window-Settings-icon.png">
      <Filter>Resource Files</Filter>
    </None>
    <None Include="media\Pause-icon.png">
      <Filter>Resource Files</Filter>
    </None>
    <None Include="media\Play-1-Normal-icon.png">
      <Filter>Resource Files</Filter>
    </None>
    <None Include="media\Redo-icon.png">
      <Filter>Resource Files</Filter>
    </None>
    <None Include="media\SEO-icon.png">
      <Filter>Resource Files</Filter>
    </None>
    <None Include="media\Undo-icon.png">
      <Filter>Resource Files</Filter>
    </None>
    <None Include="media\Utilities-tasks-icon.png">
      <Filter>Resource Files</Filter>
    </None>
    <None Include="media\Window-Enter-icon.png">
      <Filter>Resource Files</Filter>
    </None>
    <None Include="media\Zoom">
      <Filter>Resource Files</Filter>
    </None>
    <None Include="media\apply-icon.png">
      <Filter>Resource Files</Filter>
    </None>
    <None Include="media\brain_working.png">
      <Filter>Resource Files</Filter>
    </None>
    <None Include="media\clear.png">
      <Filter>Resource Files</Filter>
    </None>
    <None Include="media\copy-icon.png">
      <Filter>Resource Files</Filter>
    </None>
    <CustomBuild Include="core_media.qrc">
      <Filter>Resource Files</Filter>
    </CustomBuild>
    <None Include="media\cut-icon.png">
      <Filter>Resource Files</Filter>
    </None>
    <None Include="media\edit-icon.png">
      <Filter>Resource Files</Filter>
    </None>
    <None Include="media\eraser-icon-30208.png">
      <Filter>Resource Files</Filter>
    </None>
    <None Include="media\export-icon.png">
      <Filter>Resource Files</Filter>
    </None>
    <None Include="media\fill.png">
      <Filter>Resource Files</Filter>
    </None>
    <None Include="media\folder-open-floder-icon.png">
      <Filter>Resource Files</Filter>
    </None>
    <None Include="media\icon_image.svg">
      <Filter>Resource Files</Filter>
    </None>
    <None Include="media\icon_insert.png">
      <Filter>Resource Files</Filter>
    </None>
    <None Include="media\icon_insert_column.jpg">
      <Filter>Resource Files</Filter>
    </None>
    <None Include="media\icon_insert_row.jpg">
      <Filter>Resource Files</Filter>
    </None>
    <None Include="media\import-icon.png">
      <Filter>Resource Files</Filter>
    </None>
    <None Include="in.png">
      <Filter>Resource Files</Filter>
    </None>
    <None Include="media\minus_icon.png">
      <Filter>Resource Files</Filter>
    </None>
    <None Include="out.png">
      <Filter>Resource Files</Filter>
    </None>
    <None Include="media\padlock-xxl.png">
      <Filter>Resource Files</Filter>
    </None>
    <None Include="media\paste-icon.png">
      <Filter>Resource Files</Filter>
    </None>
    <None Include="media\plus_icon.png">
      <Filter>Resource Files</Filter>
    </None>
    <None Include="media\saveas.png">
      <Filter>Resource Files</Filter>
    </None>
    <None Include="media\stop-red-icon.png">
      <Filter>Resource Files</Filter>
    </None>
    <None Include="media\symbol-check-icon.png">
      <Filter>Resource Files</Filter>
    </None>
    <None Include="media\update_icon.png">
      <Filter>Resource Files</Filter>
    </None>
  </ItemGroup>
  <ItemGroup>
    <ClInclude Include="GeneratedFiles\ui_bnsubwidget.h">
      <Filter>Generated Files</Filter>
    </ClInclude>
    <ClInclude Include="GeneratedFiles\ui_graphicimageeffectelementpropertydialog.h">
      <Filter>Generated Files</Filter>
    </ClInclude>
    <ClInclude Include="GeneratedFiles\ui_gssubwidget.h">
      <Filter>Generated Files</Filter>
    </ClInclude>
    <ClInclude Include="GeneratedFiles\ui_selectimagesegmentdialog.h">
      <Filter>Generated Files</Filter>
    </ClInclude>
  </ItemGroup>
  <ItemGroup>
    <Image Include="media\Zoom in.png">
      <Filter>Resource Files</Filter>
    </Image>
    <Image Include="media\Zoom out.png">
      <Filter>Resource Files</Filter>
    </Image>
  </ItemGroup>
</Project>