<?xml version="1.0" encoding="utf-8"?>
<Project ToolsVersion="4.0" xmlns="http://schemas.microsoft.com/developer/msbuild/2003">
  <ItemGroup>
    <Filter Include="Generated Files">
      <UniqueIdentifier>{71ED8ED8-ACB9-4CE9-BBE1-E00B30144E11}</UniqueIdentifier>
      <Extensions>cpp;c;cxx;moc;h;def;odl;idl;res;</Extensions>
    </Filter>
    <Filter Include="Generated Files">
      <UniqueIdentifier>{71ED8ED8-ACB9-4CE9-BBE1-E00B30144E11}</UniqueIdentifier>
      <Extensions>cpp;c;cxx;moc;h;def;odl;idl;res;</Extensions>
    </Filter>
    <Filter Include="Generated Files">
      <UniqueIdentifier>{71ED8ED8-ACB9-4CE9-BBE1-E00B30144E11}</UniqueIdentifier>
      <Extensions>cpp;c;cxx;moc;h;def;odl;idl;res;</Extensions>
    </Filter>
    <Filter Include="Generated Files">
      <UniqueIdentifier>{71ED8ED8-ACB9-4CE9-BBE1-E00B30144E11}</UniqueIdentifier>
      <Extensions>cpp;c;cxx;moc;h;def;odl;idl;res;</Extensions>
    </Filter>
    <Filter Include="Header Files">
      <UniqueIdentifier>{93995380-89BD-4b04-88EB-625FBE52EBFB}</UniqueIdentifier>
      <Extensions>h;hpp;hxx;hm;inl;inc;xsd</Extensions>
    </Filter>
    <Filter Include="Header Files">
      <UniqueIdentifier>{93995380-89BD-4b04-88EB-625FBE52EBFB}</UniqueIdentifier>
      <Extensions>h;hpp;hxx;hm;inl;inc;xsd</Extensions>
    </Filter>
    <Filter Include="Header Files">
      <UniqueIdentifier>{93995380-89BD-4b04-88EB-625FBE52EBFB}</UniqueIdentifier>
      <Extensions>h;hpp;hxx;hm;inl;inc;xsd</Extensions>
    </Filter>
    <Filter Include="Header Files">
      <UniqueIdentifier>{93995380-89BD-4b04-88EB-625FBE52EBFB}</UniqueIdentifier>
      <Extensions>h;hpp;hxx;hm;inl;inc;xsd</Extensions>
    </Filter>
    <Filter Include="Source Files">
      <UniqueIdentifier>{4FC737F1-C7A5-4376-A066-2A32D752A2FF}</UniqueIdentifier>
      <Extensions>cpp;c;cxx;def;odl;idl;hpj;bat;asm;asmx</Extensions>
    </Filter>
    <Filter Include="Source Files">
      <UniqueIdentifier>{4FC737F1-C7A5-4376-A066-2A32D752A2FF}</UniqueIdentifier>
      <Extensions>cpp;c;cxx;def;odl;idl;hpj;bat;asm;asmx</Extensions>
    </Filter>
    <Filter Include="Source Files">
      <UniqueIdentifier>{4FC737F1-C7A5-4376-A066-2A32D752A2FF}</UniqueIdentifier>
      <Extensions>cpp;c;cxx;def;odl;idl;hpj;bat;asm;asmx</Extensions>
    </Filter>
    <Filter Include="Source Files">
      <UniqueIdentifier>{4FC737F1-C7A5-4376-A066-2A32D752A2FF}</UniqueIdentifier>
      <Extensions>cpp;c;cxx;def;odl;idl;hpj;bat;asm;asmx</Extensions>
    </Filter>
  </ItemGroup>
  <ItemGroup>
    <ClCompile Include="adaline.cpp">
      <Filter>Source Files</Filter>
    </ClCompile>
    <ClCompile Include="adalinetrainingpattern.cpp">
      <Filter>Source Files</Filter>
    </ClCompile>
    <ClCompile Include="artificialneuralnetwork.cpp">
      <Filter>Source Files</Filter>
    </ClCompile>
    <ClCompile Include="bptrainingsettings.cpp">
      <Filter>Source Files</Filter>
    </ClCompile>
    <ClCompile Include="hopfield.cpp">
      <Filter>Source Files</Filter>
    </ClCompile>
    <ClCompile Include="kohonen.cpp">
      <Filter>Source Files</Filter>
    </ClCompile>
    <ClCompile Include="mlp.cpp">
      <Filter>Source Files</Filter>
    </ClCompile>
    <ClCompile Include="mlppattern.cpp">
      <Filter>Source Files</Filter>
    </ClCompile>
    <ClCompile Include="mlptrainingresult.cpp">
      <Filter>Source Files</Filter>
    </ClCompile>
    <ClCompile Include="perceptrontrainingpattern.cpp">
      <Filter>Source Files</Filter>
    </ClCompile>
    <ClCompile Include="satrainingsettings.cpp">
      <Filter>Source Files</Filter>
    </ClCompile>
    <ClCompile Include="simplepattern.cpp">
      <Filter>Source Files</Filter>
    </ClCompile>
    <ClCompile Include="simpleperceptron.cpp">
      <Filter>Source Files</Filter>
    </ClCompile>
    <ClCompile Include="simpleperceptronfile.cpp">
      <Filter>Source Files</Filter>
    </ClCompile>
    <ClCompile Include="trainingresult.cpp">
      <Filter>Source Files</Filter>
    </ClCompile>
    <ClCompile Include="trainingset.cpp">
      <Filter>Source Files</Filter>
    </ClCompile>
    <ClCompile Include="trainingsetfile.cpp">
      <Filter>Source Files</Filter>
    </ClCompile>
    <ClCompile Include="moc\moc_mlp.cpp">
      <Filter>Generated Files</Filter>
    </ClCompile>
    <ClCompile Include="moc\moc_mlptrainingresult.cpp">
      <Filter>Generated Files</Filter>
    </ClCompile>
    <ClCompile Include="moc\moc_trainingresult.cpp">
      <Filter>Generated Files</Filter>
    </ClCompile>
    <ClCompile Include="moc\moc_trainingset.cpp">
      <Filter>Generated Files</Filter>
    </ClCompile>
    <ClCompile Include="moc\moc_trainingsetfile.cpp">
      <Filter>Generated Files</Filter>
    </ClCompile>
  </ItemGroup>
  <ItemGroup>
    <ClInclude Include="adaline.h">
      <Filter>Header Files</Filter>
    </ClInclude>
    <ClInclude Include="adalinetrainingpattern.h">
      <Filter>Header Files</Filter>
    </ClInclude>
    <ClInclude Include="artificialneuralnetwork.h">
      <Filter>Header Files</Filter>
    </ClInclude>
    <ClInclude Include="bptrainingsettings.h">
      <Filter>Header Files</Filter>
    </ClInclude>
    <ClInclude Include="globals.h">
      <Filter>Header Files</Filter>
    </ClInclude>
    <ClInclude Include="hopfield.h">
      <Filter>Header Files</Filter>
    </ClInclude>
    <ClInclude Include="kohonen.h">
      <Filter>Header Files</Filter>
    </ClInclude>
    <CustomBuild Include="mlp.h">
      <Filter>Header Files</Filter>
    </CustomBuild>
    <ClInclude Include="mlppattern.h">
      <Filter>Header Files</Filter>
    </ClInclude>
    <CustomBuild Include="mlptrainingresult.h">
      <Filter>Header Files</Filter>
    </CustomBuild>
    <ClInclude Include="perceptrontrainingpattern.h">
      <Filter>Header Files</Filter>
    </ClInclude>
    <ClInclude Include="satrainingsettings.h">
      <Filter>Header Files</Filter>
    </ClInclude>
    <ClInclude Include="share_ann_base_lib.h">
      <Filter>Header Files</Filter>
    </ClInclude>
    <ClInclude Include="simpleinputpattern.h">
      <Filter>Header Files</Filter>
    </ClInclude>
    <ClInclude Include="simpleperceptron.h">
      <Filter>Header Files</Filter>
    </ClInclude>
    <ClInclude Include="simpleperceptronfile.h">
      <Filter>Header Files</Filter>
    </ClInclude>
    <CustomBuild Include="trainingresult.h">
      <Filter>Header Files</Filter>
    </CustomBuild>
    <CustomBuild Include="trainingset.h">
      <Filter>Header Files</Filter>
    </CustomBuild>
    <CustomBuild Include="trainingsetfile.h">
      <Filter>Header Files</Filter>
    </CustomBuild>
  </ItemGroup>
</Project>