<?xml version="1.0" encoding="utf-8"?>
<Project ToolsVersion="4.0" xmlns="http://schemas.microsoft.com/developer/msbuild/2003">
  <ItemGroup>
    <Filter Include="Form Files">
      <UniqueIdentifier>{99349809-55BA-4b9d-BF79-8FDBB0286EB3}</UniqueIdentifier>
      <Extensions>ui</Extensions>
      <ParseFiles>false</ParseFiles>
    </Filter>
    <Filter Include="Form Files">
      <UniqueIdentifier>{99349809-55BA-4b9d-BF79-8FDBB0286EB3}</UniqueIdentifier>
      <Extensions>ui</Extensions>
      <ParseFiles>false</ParseFiles>
    </Filter>
    <Filter Include="Form Files">
      <UniqueIdentifier>{99349809-55BA-4b9d-BF79-8FDBB0286EB3}</UniqueIdentifier>
      <Extensions>ui</Extensions>
      <ParseFiles>false</ParseFiles>
    </Filter>
    <Filter Include="Form Files">
      <UniqueIdentifier>{99349809-55BA-4b9d-BF79-8FDBB0286EB3}</UniqueIdentifier>
      <Extensions>ui</Extensions>
      <ParseFiles>false</ParseFiles>
    </Filter>
    <Filter Include="Generated Files">
      <UniqueIdentifier>{71ED8ED8-ACB9-4CE9-BBE1-E00B30144E11}</UniqueIdentifier>
      <Extensions>cpp;c;cxx;moc;h;def;odl;idl;res;</Extensions>
    </Filter>
    <Filter Include="Generated Files">
      <UniqueIdentifier>{71ED8ED8-ACB9-4CE9-BBE1-E00B30144E11}</UniqueIdentifier>
      <Extensions>cpp;c;cxx;moc;h;def;odl;idl;res;</Extensions>
    </Filter>
    <Filter Include="Generated Files">
      <UniqueIdentifier>{71ED8ED8-ACB9-4CE9-BBE1-E00B30144E11}</UniqueIdentifier>
      <Extensions>cpp;c;cxx;moc;h;def;odl;idl;res;</Extensions>
    </Filter>
    <Filter Include="Generated Files">
      <UniqueIdentifier>{71ED8ED8-ACB9-4CE9-BBE1-E00B30144E11}</UniqueIdentifier>
      <Extensions>cpp;c;cxx;moc;h;def;odl;idl;res;</Extensions>
    </Filter>
    <Filter Include="Header Files">
      <UniqueIdentifier>{93995380-89BD-4b04-88EB-625FBE52EBFB}</UniqueIdentifier>
      <Extensions>h;hpp;hxx;hm;inl;inc;xsd</Extensions>
    </Filter>
    <Filter Include="Header Files">
      <UniqueIdentifier>{93995380-89BD-4b04-88EB-625FBE52EBFB}</UniqueIdentifier>
      <Extensions>h;hpp;hxx;hm;inl;inc;xsd</Extensions>
    </Filter>
    <Filter Include="Header Files">
      <UniqueIdentifier>{93995380-89BD-4b04-88EB-625FBE52EBFB}</UniqueIdentifier>
      <Extensions>h;hpp;hxx;hm;inl;inc;xsd</Extensions>
    </Filter>
    <Filter Include="Header Files">
      <UniqueIdentifier>{93995380-89BD-4b04-88EB-625FBE52EBFB}</UniqueIdentifier>
      <Extensions>h;hpp;hxx;hm;inl;inc;xsd</Extensions>
    </Filter>
    <Filter Include="Resource Files">
      <UniqueIdentifier>{D9D6E242-F8AF-46E4-B9FD-80ECBC20BA3E}</UniqueIdentifier>
      <Extensions>qrc;*</Extensions>
      <ParseFiles>false</ParseFiles>
    </Filter>
    <Filter Include="Resource Files">
      <UniqueIdentifier>{D9D6E242-F8AF-46E4-B9FD-80ECBC20BA3E}</UniqueIdentifier>
      <Extensions>qrc;*</Extensions>
      <ParseFiles>false</ParseFiles>
    </Filter>
    <Filter Include="Resource Files">
      <UniqueIdentifier>{D9D6E242-F8AF-46E4-B9FD-80ECBC20BA3E}</UniqueIdentifier>
      <Extensions>qrc;*</Extensions>
      <ParseFiles>false</ParseFiles>
    </Filter>
    <Filter Include="Resource Files">
      <UniqueIdentifier>{D9D6E242-F8AF-46E4-B9FD-80ECBC20BA3E}</UniqueIdentifier>
      <Extensions>qrc;*</Extensions>
      <ParseFiles>false</ParseFiles>
    </Filter>
    <Filter Include="Source Files">
      <UniqueIdentifier>{4FC737F1-C7A5-4376-A066-2A32D752A2FF}</UniqueIdentifier>
      <Extensions>cpp;c;cxx;def;odl;idl;hpj;bat;asm;asmx</Extensions>
    </Filter>
    <Filter Include="Source Files">
      <UniqueIdentifier>{4FC737F1-C7A5-4376-A066-2A32D752A2FF}</UniqueIdentifier>
      <Extensions>cpp;c;cxx;def;odl;idl;hpj;bat;asm;asmx</Extensions>
    </Filter>
    <Filter Include="Source Files">
      <UniqueIdentifier>{4FC737F1-C7A5-4376-A066-2A32D752A2FF}</UniqueIdentifier>
      <Extensions>cpp;c;cxx;def;odl;idl;hpj;bat;asm;asmx</Extensions>
    </Filter>
    <Filter Include="Source Files">
      <UniqueIdentifier>{4FC737F1-C7A5-4376-A066-2A32D752A2FF}</UniqueIdentifier>
      <Extensions>cpp;c;cxx;def;odl;idl;hpj;bat;asm;asmx</Extensions>
    </Filter>
  </ItemGroup>
  <ItemGroup>
    <ClCompile Include="adalinepage.cpp">
      <Filter>Source Files</Filter>
    </ClCompile>
    <ClCompile Include="addnewmlpdialog.cpp">
      <Filter>Source Files</Filter>
    </ClCompile>
    <ClCompile Include="annmodeltree.cpp">
      <Filter>Source Files</Filter>
    </ClCompile>
    <ClCompile Include="annmodelwrapper.cpp">
      <Filter>Source Files</Filter>
    </ClCompile>
    <ClCompile Include="anntrainingdialog.cpp">
      <Filter>Source Files</Filter>
    </ClCompile>
    <ClCompile Include="annview.cpp">
      <Filter>Source Files</Filter>
    </ClCompile>
    <ClCompile Include="mlpobject.cpp">
      <Filter>Source Files</Filter>
    </ClCompile>
    <ClCompile Include="mlpobjectpropertydialog.cpp">
      <Filter>Source Files</Filter>
    </ClCompile>
    <ClCompile Include="perceptrondisplay.cpp">
      <Filter>Source Files</Filter>
    </ClCompile>
    <ClCompile Include="perceptronpage.cpp">
      <Filter>Source Files</Filter>
    </ClCompile>
    <ClCompile Include="samplesdialog.cpp">
      <Filter>Source Files</Filter>
    </ClCompile>
    <ClCompile Include="simulatedannealingwidget.cpp">
      <Filter>Source Files</Filter>
    </ClCompile>
    <ClCompile Include="trainingsetdialog.cpp">
      <Filter>Source Files</Filter>
    </ClCompile>
    <ClCompile Include="trainingsettable.cpp">
      <Filter>Source Files</Filter>
    </ClCompile>
    <ClCompile Include="tsmodelwrapper.cpp">
      <Filter>Source Files</Filter>
    </ClCompile>
    <ClCompile Include="weighteditordialog.cpp">
      <Filter>Source Files</Filter>
    </ClCompile>
    <ClCompile Include="weightline.cpp">
      <Filter>Source Files</Filter>
    </ClCompile>
    <ClCompile Include="moc\moc_addnewmlpdialog.cpp">
      <Filter>Generated Files</Filter>
    </ClCompile>
    <ClCompile Include="moc\moc_annmodelwrapper.cpp">
      <Filter>Generated Files</Filter>
    </ClCompile>
    <ClCompile Include="moc\moc_anntrainingdialog.cpp">
      <Filter>Generated Files</Filter>
    </ClCompile>
    <ClCompile Include="moc\moc_mlpobject.cpp">
      <Filter>Generated Files</Filter>
    </ClCompile>
    <ClCompile Include="moc\moc_mlpobjectpropertydialog.cpp">
      <Filter>Generated Files</Filter>
    </ClCompile>
    <ClCompile Include="moc\moc_perceptrondisplay.cpp">
      <Filter>Generated Files</Filter>
    </ClCompile>
    <ClCompile Include="moc\moc_perceptronpage.cpp">
      <Filter>Generated Files</Filter>
    </ClCompile>
    <ClCompile Include="moc\moc_samplesdialog.cpp">
      <Filter>Generated Files</Filter>
    </ClCompile>
    <ClCompile Include="moc\moc_simulatedannealingwidget.cpp">
      <Filter>Generated Files</Filter>
    </ClCompile>
    <ClCompile Include="moc\moc_trainingsetdialog.cpp">
      <Filter>Generated Files</Filter>
    </ClCompile>
    <ClCompile Include="moc\moc_trainingsettable.cpp">
      <Filter>Generated Files</Filter>
    </ClCompile>
    <ClCompile Include="moc\moc_tsmodelwrapper.cpp">
      <Filter>Generated Files</Filter>
    </ClCompile>
    <ClCompile Include="moc\moc_weighteditordialog.cpp">
      <Filter>Generated Files</Filter>
    </ClCompile>
    <ClCompile Include="moc\moc_weightline.cpp">
      <Filter>Generated Files</Filter>
    </ClCompile>
    <ClCompile Include="GeneratedFiles\qrc_ann_gui_media.cpp">
      <Filter>Generated Files</Filter>
    </ClCompile>
  </ItemGroup>
  <ItemGroup>
    <ClInclude Include="adalinepage.h">
      <Filter>Header Files</Filter>
    </ClInclude>
    <CustomBuild Include="addnewmlpdialog.h">
      <Filter>Header Files</Filter>
    </CustomBuild>
    <ClInclude Include="annmodeltree.h">
      <Filter>Header Files</Filter>
    </ClInclude>
    <CustomBuild Include="annmodelwrapper.h">
      <Filter>Header Files</Filter>
    </CustomBuild>
    <CustomBuild Include="anntrainingdialog.h">
      <Filter>Header Files</Filter>
    </CustomBuild>
    <ClInclude Include="annview.h">
      <Filter>Header Files</Filter>
    </ClInclude>
    <ClInclude Include="definitions.h">
      <Filter>Header Files</Filter>
    </ClInclude>
    <CustomBuild Include="mlpobject.h">
      <Filter>Header Files</Filter>
    </CustomBuild>
    <CustomBuild Include="mlpobjectpropertydialog.h">
      <Filter>Header Files</Filter>
    </CustomBuild>
    <CustomBuild Include="perceptrondisplay.h">
      <Filter>Header Files</Filter>
    </CustomBuild>
    <CustomBuild Include="perceptronpage.h">
      <Filter>Header Files</Filter>
    </CustomBuild>
    <CustomBuild Include="samplesdialog.h">
      <Filter>Header Files</Filter>
    </CustomBuild>
    <ClInclude Include="share_ann_gui_lib.h">
      <Filter>Header Files</Filter>
    </ClInclude>
    <CustomBuild Include="simulatedannealingwidget.h">
      <Filter>Header Files</Filter>
    </CustomBuild>
    <CustomBuild Include="trainingsetdialog.h">
      <Filter>Header Files</Filter>
    </CustomBuild>
    <CustomBuild Include="trainingsettable.h">
      <Filter>Header Files</Filter>
    </CustomBuild>
    <CustomBuild Include="tsmodelwrapper.h">
      <Filter>Header Files</Filter>
    </CustomBuild>
    <CustomBuild Include="weighteditordialog.h">
      <Filter>Header Files</Filter>
    </CustomBuild>
    <CustomBuild Include="weightline.h">
      <Filter>Header Files</Filter>
    </CustomBuild>
    <ClInclude Include="GeneratedFiles\ui_adalinepage.h">
      <Filter>Generated Files</Filter>
    </ClInclude>
    <ClInclude Include="GeneratedFiles\ui_addnewmlpdialog.h">
      <Filter>Generated Files</Filter>
    </ClInclude>
    <ClInclude Include="GeneratedFiles\ui_graphicmlpelementpropertydialog.h">
      <Filter>Generated Files</Filter>
    </ClInclude>
    <ClInclude Include="GeneratedFiles\ui_perceptronpage.h">
      <Filter>Generated Files</Filter>
    </ClInclude>
    <ClInclude Include="GeneratedFiles\ui_samplesdialog.h">
      <Filter>Generated Files</Filter>
    </ClInclude>
  </ItemGroup>
  <ItemGroup>
    <CustomBuild Include="adalinepage.ui">
      <Filter>Form Files</Filter>
    </CustomBuild>
    <CustomBuild Include="addnewmlpdialog.ui">
      <Filter>Form Files</Filter>
    </CustomBuild>
    <CustomBuild Include="graphicmlpelementpropertydialog.ui">
      <Filter>Form Files</Filter>
    </CustomBuild>
    <CustomBuild Include="perceptronpage.ui">
      <Filter>Form Files</Filter>
    </CustomBuild>
    <CustomBuild Include="samplesdialog.ui">
      <Filter>Form Files</Filter>
    </CustomBuild>
  </ItemGroup>
  <ItemGroup>
    <None Include="media\Multi-Layer_Neural_Network-Vector.png">
      <Filter>Resource Files</Filter>
    </None>
    <None Include="media\adaline.gif">
      <Filter>Resource Files</Filter>
    </None>
    <None Include="media\analytics-icon.png">
      <Filter>Resource Files</Filter>
    </None>
    <CustomBuild Include="ann_gui_media.qrc">
      <Filter>Resource Files</Filter>
    </CustomBuild>
    <None Include="media\artificial">
      <Filter>Resource Files</Filter>
    </None>
    <None Include="media\hopfield.jpg">
      <Filter>Resource Files</Filter>
    </None>
    <None Include="multicapa.png">
      <Filter>Resource Files</Filter>
    </None>
    <None Include="network.png">
      <Filter>Resource Files</Filter>
    </None>
    <None Include="neural">
      <Filter>Resource Files</Filter>
    </None>
    <None Include="media\perceptron.png">
      <Filter>Resource Files</Filter>
    </None>
    <None Include="media\perceptron2.png">
      <Filter>Resource Files</Filter>
    </None>
    <None Include="media\perceptron">
      <Filter>Resource Files</Filter>
    </None>
  </ItemGroup>
  <ItemGroup>
    <Image Include="media\artificial neural network.png">
      <Filter>Resource Files</Filter>
    </Image>
    <Image Include="media\perceptron multicapa.png">
      <Filter>Resource Files</Filter>
    </Image>
  </ItemGroup>
</Project>